PODS:
  - GoogleMaps (5.1.0):
    - GoogleMaps/Maps (= 5.1.0)
  - GoogleMaps/Base (5.1.0)
  - GoogleMaps/Maps (5.1.0):
    - GoogleMaps/Base
  - IQKeyboardManagerSwift (6.5.6)
  - MKProgress (1.1.0)
  - SDWebImage (5.11.1):
    - SDWebImage/Core (= 5.11.1)
  - SDWebImage/Core (5.11.1)

DEPENDENCIES:
  - GoogleMaps
  - IQKeyboardManagerSwift
  - MKProgress
  - SDWebImage

SPEC REPOS:
  trunk:
    - GoogleMaps
    - IQKeyboardManagerSwift
    - MKProgress
    - SDWebImage

SPEC CHECKSUMS:
  GoogleMaps: 086ae1dab659eaa7339bdb30fc88e2f44e7c597c
  IQKeyboardManagerSwift: c7df9d2deb356c04522f5c4b7b6e4ce4d8ed94fe
  MKProgress: 260d166200323f3d991190a73ab2dc3a04b0f52f
  SDWebImage: a7f831e1a65eb5e285e3fb046a23fcfbf08e696d

PODFILE CHECKSUM: 2c1c1c111de41d9be69b7d6dc60d4912dc2e4229

COCOAPODS: 1.10.1
